
Microsoft Visual Studio Solution File, Format Version 12.00
# Visual Studio Version 17
VisualStudioVersion = 17.14.36414.22
MinimumVisualStudioVersion = 10.0.40219.1
Project("{FAE04EC0-301F-11D3-BF4B-00C04F79EFBC}") = "UnlockBffHousesDoor", "UnlockSpouseBffDoor\UnlockBffHousesDoor.csproj", "{55EF6CD5-54F4-D3BB-78E2-4CD93BB5861C}"
EndProject
Global
	GlobalSection(SolutionConfigurationPlatforms) = preSolution
		Debug|Any CPU = Debug|Any CPU
		Release|Any CPU = Release|Any CPU
	EndGlobalSection
	GlobalSection(ProjectConfigurationPlatforms) = postSolution
		{55EF6CD5-54F4-D3BB-78E2-4CD93BB5861C}.Debug|Any CPU.ActiveCfg = Debug|Any CPU
		{55EF6CD5-54F4-D3BB-78E2-4CD93BB5861C}.Debug|Any CPU.Build.0 = Debug|Any CPU
		{55EF6CD5-54F4-D3BB-78E2-4CD93BB5861C}.Release|Any CPU.ActiveCfg = Release|Any CPU
		{55EF6CD5-54F4-D3BB-78E2-4CD93BB5861C}.Release|Any CPU.Build.0 = Release|Any CPU
	EndGlobalSection
	GlobalSection(SolutionProperties) = preSolution
		HideSolutionNode = FALSE
	EndGlobalSection
	GlobalSection(ExtensibilityGlobals) = postSolution
		SolutionGuid = {E2AF2F24-94DD-4112-A0A6-698802E7AF46}
	EndGlobalSection
EndGlobal
